
Microsoft Visual Studio Solution File, Format Version 12.00
# Visual Studio Version 17
VisualStudioVersion = 17.14.36414.22
MinimumVisualStudioVersion = 10.0.40219.1
Project("{FAE04EC0-301F-11D3-BF4B-00C04F79EFBC}") = "_1_ClassesMetodos", "_1_ClassesMetodos\_1_ClassesMetodos.csproj", "{5E3110F4-88B0-472E-BA2B-88FC3D98F82C}"
EndProject
Project("{2150E333-8FDC-42A3-9474-1A3956D46DE8}") = "Solution Items", "Solution Items", "{8EC462FD-D22E-90A8-E5CE-7E832BA40C5D}"
	ProjectSection(SolutionItems) = preProject
		.gitignore = .gitignore
	EndProjectSection
EndProject
Project("{FAE04EC0-301F-11D3-BF4B-00C04F79EFBC}") = "_2_Metodos", "_2_Metodos\_2_Metodos.csproj", "{545F4BF9-0C72-4857-9915-390C25BB3D99}"
EndProject
Project("{FAE04EC0-301F-11D3-BF4B-00C04F79EFBC}") = "_3_Construtores", "_3_Construtores\_3_Construtores.csproj", "{23241103-CFAF-433D-9F54-CDDAE707B1BD}"
EndProject
Project("{FAE04EC0-301F-11D3-BF4B-00C04F79EFBC}") = "_4_SobrecargaMetodo", "_4_SobrecargaMetodo\_4_SobrecargaMetodo.csproj", "{F15D22D7-648E-4FB2-978B-A711D8EE7196}"
EndProject
Project("{FAE04EC0-301F-11D3-BF4B-00C04F79EFBC}") = "_4_ConsolidandoConhecimentoMetodo", "_4_ConsolidandoConhecimentoMetodo\_4_ConsolidandoConhecimentoMetodo.csproj", "{986B7951-44C5-45E5-B8D4-AEEC12FAF59E}"
EndProject
Project("{FAE04EC0-301F-11D3-BF4B-00C04F79EFBC}") = "_5_ArgumentoNomeados", "_5_ArgumentoNomeados\_5_ArgumentoNomeados.csproj", "{CCCC205F-8FA8-4A58-8102-E9DDCF4694D1}"
EndProject
Project("{FAE04EC0-301F-11D3-BF4B-00C04F79EFBC}") = "_6_MetodosEstaticos", "_6_MetodosEstaticos\_6_MetodosEstaticos.csproj", "{A103ED94-3A0A-4027-96F9-34DF8AF7E15A}"
EndProject
Project("{FAE04EC0-301F-11D3-BF4B-00C04F79EFBC}") = "_7_MembrosEstaticos", "_7_MembrosEstaticos\_7_MembrosEstaticos.csproj", "{5A26E916-A29C-4E1B-8D04-178B0680F99A}"
EndProject
Project("{FAE04EC0-301F-11D3-BF4B-00C04F79EFBC}") = "_7_MembrosEstaticosExercicio", "_7_MembrosEstaticosExercicio\_7_MembrosEstaticosExercicio.csproj", "{DD0300A4-EB54-4E68-AFAA-611294B628A2}"
EndProject
Project("{FAE04EC0-301F-11D3-BF4B-00C04F79EFBC}") = "_8_ConstrutorEstaticos", "_8_ConstrutorEstaticos\_8_ConstrutorEstaticos.csproj", "{068F5AFB-1109-47E5-84EF-22B4B90A000B}"
EndProject
Project("{FAE04EC0-301F-11D3-BF4B-00C04F79EFBC}") = "_9_Encapsulamento", "_9_Propriedades\_9_Encapsulamento.csproj", "{AF683EAE-440B-4427-A2FC-1C5DBB2A9E98}"
EndProject
Project("{FAE04EC0-301F-11D3-BF4B-00C04F79EFBC}") = "_9_ValidandoConhecimento", "_9_ValidandoConhecimento\_9_ValidandoConhecimento.csproj", "{3FBECEA0-86D2-4173-80E7-F1F1FFA26C6C}"
EndProject
Global
	GlobalSection(SolutionConfigurationPlatforms) = preSolution
		Debug|Any CPU = Debug|Any CPU
		Release|Any CPU = Release|Any CPU
	EndGlobalSection
	GlobalSection(ProjectConfigurationPlatforms) = postSolution
		{5E3110F4-88B0-472E-BA2B-88FC3D98F82C}.Debug|Any CPU.ActiveCfg = Debug|Any CPU
		{5E3110F4-88B0-472E-BA2B-88FC3D98F82C}.Debug|Any CPU.Build.0 = Debug|Any CPU
		{5E3110F4-88B0-472E-BA2B-88FC3D98F82C}.Release|Any CPU.ActiveCfg = Release|Any CPU
		{5E3110F4-88B0-472E-BA2B-88FC3D98F82C}.Release|Any CPU.Build.0 = Release|Any CPU
		{545F4BF9-0C72-4857-9915-390C25BB3D99}.Debug|Any CPU.ActiveCfg = Debug|Any CPU
		{545F4BF9-0C72-4857-9915-390C25BB3D99}.Debug|Any CPU.Build.0 = Debug|Any CPU
		{545F4BF9-0C72-4857-9915-390C25BB3D99}.Release|Any CPU.ActiveCfg = Release|Any CPU
		{545F4BF9-0C72-4857-9915-390C25BB3D99}.Release|Any CPU.Build.0 = Release|Any CPU
		{23241103-CFAF-433D-9F54-CDDAE707B1BD}.Debug|Any CPU.ActiveCfg = Debug|Any CPU
		{23241103-CFAF-433D-9F54-CDDAE707B1BD}.Debug|Any CPU.Build.0 = Debug|Any CPU
		{23241103-CFAF-433D-9F54-CDDAE707B1BD}.Release|Any CPU.ActiveCfg = Release|Any CPU
		{23241103-CFAF-433D-9F54-CDDAE707B1BD}.Release|Any CPU.Build.0 = Release|Any CPU
		{F15D22D7-648E-4FB2-978B-A711D8EE7196}.Debug|Any CPU.ActiveCfg = Debug|Any CPU
		{F15D22D7-648E-4FB2-978B-A711D8EE7196}.Debug|Any CPU.Build.0 = Debug|Any CPU
		{F15D22D7-648E-4FB2-978B-A711D8EE7196}.Release|Any CPU.ActiveCfg = Release|Any CPU
		{F15D22D7-648E-4FB2-978B-A711D8EE7196}.Release|Any CPU.Build.0 = Release|Any CPU
		{986B7951-44C5-45E5-B8D4-AEEC12FAF59E}.Debug|Any CPU.ActiveCfg = Debug|Any CPU
		{986B7951-44C5-45E5-B8D4-AEEC12FAF59E}.Debug|Any CPU.Build.0 = Debug|Any CPU
		{986B7951-44C5-45E5-B8D4-AEEC12FAF59E}.Release|Any CPU.ActiveCfg = Release|Any CPU
		{986B7951-44C5-45E5-B8D4-AEEC12FAF59E}.Release|Any CPU.Build.0 = Release|Any CPU
		{CCCC205F-8FA8-4A58-8102-E9DDCF4694D1}.Debug|Any CPU.ActiveCfg = Debug|Any CPU
		{CCCC205F-8FA8-4A58-8102-E9DDCF4694D1}.Debug|Any CPU.Build.0 = Debug|Any CPU
		{CCCC205F-8FA8-4A58-8102-E9DDCF4694D1}.Release|Any CPU.ActiveCfg = Release|Any CPU
		{CCCC205F-8FA8-4A58-8102-E9DDCF4694D1}.Release|Any CPU.Build.0 = Release|Any CPU
		{A103ED94-3A0A-4027-96F9-34DF8AF7E15A}.Debug|Any CPU.ActiveCfg = Debug|Any CPU
		{A103ED94-3A0A-4027-96F9-34DF8AF7E15A}.Debug|Any CPU.Build.0 = Debug|Any CPU
		{A103ED94-3A0A-4027-96F9-34DF8AF7E15A}.Release|Any CPU.ActiveCfg = Release|Any CPU
		{A103ED94-3A0A-4027-96F9-34DF8AF7E15A}.Release|Any CPU.Build.0 = Release|Any CPU
		{5A26E916-A29C-4E1B-8D04-178B0680F99A}.Debug|Any CPU.ActiveCfg = Debug|Any CPU
		{5A26E916-A29C-4E1B-8D04-178B0680F99A}.Debug|Any CPU.Build.0 = Debug|Any CPU
		{5A26E916-A29C-4E1B-8D04-178B0680F99A}.Release|Any CPU.ActiveCfg = Release|Any CPU
		{5A26E916-A29C-4E1B-8D04-178B0680F99A}.Release|Any CPU.Build.0 = Release|Any CPU
		{DD0300A4-EB54-4E68-AFAA-611294B628A2}.Debug|Any CPU.ActiveCfg = Debug|Any CPU
		{DD0300A4-EB54-4E68-AFAA-611294B628A2}.Debug|Any CPU.Build.0 = Debug|Any CPU
		{DD0300A4-EB54-4E68-AFAA-611294B628A2}.Release|Any CPU.ActiveCfg = Release|Any CPU
		{DD0300A4-EB54-4E68-AFAA-611294B628A2}.Release|Any CPU.Build.0 = Release|Any CPU
		{068F5AFB-1109-47E5-84EF-22B4B90A000B}.Debug|Any CPU.ActiveCfg = Debug|Any CPU
		{068F5AFB-1109-47E5-84EF-22B4B90A000B}.Debug|Any CPU.Build.0 = Debug|Any CPU
		{068F5AFB-1109-47E5-84EF-22B4B90A000B}.Release|Any CPU.ActiveCfg = Release|Any CPU
		{068F5AFB-1109-47E5-84EF-22B4B90A000B}.Release|Any CPU.Build.0 = Release|Any CPU
		{AF683EAE-440B-4427-A2FC-1C5DBB2A9E98}.Debug|Any CPU.ActiveCfg = Debug|Any CPU
		{AF683EAE-440B-4427-A2FC-1C5DBB2A9E98}.Debug|Any CPU.Build.0 = Debug|Any CPU
		{AF683EAE-440B-4427-A2FC-1C5DBB2A9E98}.Release|Any CPU.ActiveCfg = Release|Any CPU
		{AF683EAE-440B-4427-A2FC-1C5DBB2A9E98}.Release|Any CPU.Build.0 = Release|Any CPU
		{3FBECEA0-86D2-4173-80E7-F1F1FFA26C6C}.Debug|Any CPU.ActiveCfg = Debug|Any CPU
		{3FBECEA0-86D2-4173-80E7-F1F1FFA26C6C}.Debug|Any CPU.Build.0 = Debug|Any CPU
		{3FBECEA0-86D2-4173-80E7-F1F1FFA26C6C}.Release|Any CPU.ActiveCfg = Release|Any CPU
		{3FBECEA0-86D2-4173-80E7-F1F1FFA26C6C}.Release|Any CPU.Build.0 = Release|Any CPU
	EndGlobalSection
	GlobalSection(SolutionProperties) = preSolution
		HideSolutionNode = FALSE
	EndGlobalSection
	GlobalSection(ExtensibilityGlobals) = postSolution
		SolutionGuid = {24F9D2F3-91F0-4833-95F6-2FB67E102882}
	EndGlobalSection
EndGlobal
