
Microsoft Visual Studio Solution File, Format Version 12.00
# Visual Studio Version 17
VisualStudioVersion = 17.14.36221.1
MinimumVisualStudioVersion = 10.0.40219.1
Project("{FAE04EC0-301F-11D3-BF4B-00C04F79EFBC}") = "04-TipoDeReferencia", "04-TipoDeReferencia\04-TipoDeReferencia.csproj", "{0FA67A9C-28F6-4B15-90CE-A7372F87EB9E}"
EndProject
Project("{FAE04EC0-301F-11D3-BF4B-00C04F79EFBC}") = "05-DataHora", "05-DataHora\05-DataHora.csproj", "{A17AFA8D-A987-419C-B1D3-58A5CFDAA26A}"
EndProject
Project("{FAE04EC0-301F-11D3-BF4B-00C04F79EFBC}") = "06-NullableTypes", "06-NullableTypes\06-NullableTypes.csproj", "{3352FDBB-B0C1-4A09-B46C-0C25C27260B6}"
EndProject
Project("{FAE04EC0-301F-11D3-BF4B-00C04F79EFBC}") = "07-NomenclaturaConvencoes", "07-NomenclaturaConvencoes\07-NomenclaturaConvencoes.csproj", "{557AB7B9-50E1-44C3-BD81-09C6603C8CAB}"
EndProject
Project("{FAE04EC0-301F-11D3-BF4B-00C04F79EFBC}") = "08-FormatacaoDeSaidaDeDados", "08-FormatacaoDeSaidaDeDados\08-FormatacaoDeSaidaDeDados.csproj", "{228AA383-6B21-4451-BECF-0B1AF9E95B2D}"
EndProject
Project("{FAE04EC0-301F-11D3-BF4B-00C04F79EFBC}") = "08-SequenciaDeEscape", "08-SequenciaDeEscape\08-SequenciaDeEscape.csproj", "{1B631461-E12C-4107-A073-F9CBAD07AEA7}"
EndProject
Project("{FAE04EC0-301F-11D3-BF4B-00C04F79EFBC}") = "09-ConversaoDeTipos1", "09-ConversaoDeTipos1\09-ConversaoDeTipos1.csproj", "{6A36BE94-2600-446B-B1FF-E50B3BD6DBD2}"
EndProject
Project("{FAE04EC0-301F-11D3-BF4B-00C04F79EFBC}") = "09-MetodoToString2", "09-MetodoToString2\09-MetodoToString2.csproj", "{0E6EFEE2-4A4D-4F7E-82CB-06C251FB8F82}"
EndProject
Global
	GlobalSection(SolutionConfigurationPlatforms) = preSolution
		Debug|Any CPU = Debug|Any CPU
		Debug|x64 = Debug|x64
		Debug|x86 = Debug|x86
		Release|Any CPU = Release|Any CPU
		Release|x64 = Release|x64
		Release|x86 = Release|x86
	EndGlobalSection
	GlobalSection(ProjectConfigurationPlatforms) = postSolution
		{0FA67A9C-28F6-4B15-90CE-A7372F87EB9E}.Debug|Any CPU.ActiveCfg = Debug|Any CPU
		{0FA67A9C-28F6-4B15-90CE-A7372F87EB9E}.Debug|Any CPU.Build.0 = Debug|Any CPU
		{0FA67A9C-28F6-4B15-90CE-A7372F87EB9E}.Debug|x64.ActiveCfg = Debug|Any CPU
		{0FA67A9C-28F6-4B15-90CE-A7372F87EB9E}.Debug|x64.Build.0 = Debug|Any CPU
		{0FA67A9C-28F6-4B15-90CE-A7372F87EB9E}.Debug|x86.ActiveCfg = Debug|Any CPU
		{0FA67A9C-28F6-4B15-90CE-A7372F87EB9E}.Debug|x86.Build.0 = Debug|Any CPU
		{0FA67A9C-28F6-4B15-90CE-A7372F87EB9E}.Release|Any CPU.ActiveCfg = Release|Any CPU
		{0FA67A9C-28F6-4B15-90CE-A7372F87EB9E}.Release|Any CPU.Build.0 = Release|Any CPU
		{0FA67A9C-28F6-4B15-90CE-A7372F87EB9E}.Release|x64.ActiveCfg = Release|Any CPU
		{0FA67A9C-28F6-4B15-90CE-A7372F87EB9E}.Release|x64.Build.0 = Release|Any CPU
		{0FA67A9C-28F6-4B15-90CE-A7372F87EB9E}.Release|x86.ActiveCfg = Release|Any CPU
		{0FA67A9C-28F6-4B15-90CE-A7372F87EB9E}.Release|x86.Build.0 = Release|Any CPU
		{A17AFA8D-A987-419C-B1D3-58A5CFDAA26A}.Debug|Any CPU.ActiveCfg = Debug|Any CPU
		{A17AFA8D-A987-419C-B1D3-58A5CFDAA26A}.Debug|Any CPU.Build.0 = Debug|Any CPU
		{A17AFA8D-A987-419C-B1D3-58A5CFDAA26A}.Debug|x64.ActiveCfg = Debug|Any CPU
		{A17AFA8D-A987-419C-B1D3-58A5CFDAA26A}.Debug|x64.Build.0 = Debug|Any CPU
		{A17AFA8D-A987-419C-B1D3-58A5CFDAA26A}.Debug|x86.ActiveCfg = Debug|Any CPU
		{A17AFA8D-A987-419C-B1D3-58A5CFDAA26A}.Debug|x86.Build.0 = Debug|Any CPU
		{A17AFA8D-A987-419C-B1D3-58A5CFDAA26A}.Release|Any CPU.ActiveCfg = Release|Any CPU
		{A17AFA8D-A987-419C-B1D3-58A5CFDAA26A}.Release|Any CPU.Build.0 = Release|Any CPU
		{A17AFA8D-A987-419C-B1D3-58A5CFDAA26A}.Release|x64.ActiveCfg = Release|Any CPU
		{A17AFA8D-A987-419C-B1D3-58A5CFDAA26A}.Release|x64.Build.0 = Release|Any CPU
		{A17AFA8D-A987-419C-B1D3-58A5CFDAA26A}.Release|x86.ActiveCfg = Release|Any CPU
		{A17AFA8D-A987-419C-B1D3-58A5CFDAA26A}.Release|x86.Build.0 = Release|Any CPU
		{3352FDBB-B0C1-4A09-B46C-0C25C27260B6}.Debug|Any CPU.ActiveCfg = Debug|Any CPU
		{3352FDBB-B0C1-4A09-B46C-0C25C27260B6}.Debug|Any CPU.Build.0 = Debug|Any CPU
		{3352FDBB-B0C1-4A09-B46C-0C25C27260B6}.Debug|x64.ActiveCfg = Debug|Any CPU
		{3352FDBB-B0C1-4A09-B46C-0C25C27260B6}.Debug|x64.Build.0 = Debug|Any CPU
		{3352FDBB-B0C1-4A09-B46C-0C25C27260B6}.Debug|x86.ActiveCfg = Debug|Any CPU
		{3352FDBB-B0C1-4A09-B46C-0C25C27260B6}.Debug|x86.Build.0 = Debug|Any CPU
		{3352FDBB-B0C1-4A09-B46C-0C25C27260B6}.Release|Any CPU.ActiveCfg = Release|Any CPU
		{3352FDBB-B0C1-4A09-B46C-0C25C27260B6}.Release|Any CPU.Build.0 = Release|Any CPU
		{3352FDBB-B0C1-4A09-B46C-0C25C27260B6}.Release|x64.ActiveCfg = Release|Any CPU
		{3352FDBB-B0C1-4A09-B46C-0C25C27260B6}.Release|x64.Build.0 = Release|Any CPU
		{3352FDBB-B0C1-4A09-B46C-0C25C27260B6}.Release|x86.ActiveCfg = Release|Any CPU
		{3352FDBB-B0C1-4A09-B46C-0C25C27260B6}.Release|x86.Build.0 = Release|Any CPU
		{557AB7B9-50E1-44C3-BD81-09C6603C8CAB}.Debug|Any CPU.ActiveCfg = Debug|Any CPU
		{557AB7B9-50E1-44C3-BD81-09C6603C8CAB}.Debug|Any CPU.Build.0 = Debug|Any CPU
		{557AB7B9-50E1-44C3-BD81-09C6603C8CAB}.Debug|x64.ActiveCfg = Debug|Any CPU
		{557AB7B9-50E1-44C3-BD81-09C6603C8CAB}.Debug|x64.Build.0 = Debug|Any CPU
		{557AB7B9-50E1-44C3-BD81-09C6603C8CAB}.Debug|x86.ActiveCfg = Debug|Any CPU
		{557AB7B9-50E1-44C3-BD81-09C6603C8CAB}.Debug|x86.Build.0 = Debug|Any CPU
		{557AB7B9-50E1-44C3-BD81-09C6603C8CAB}.Release|Any CPU.ActiveCfg = Release|Any CPU
		{557AB7B9-50E1-44C3-BD81-09C6603C8CAB}.Release|Any CPU.Build.0 = Release|Any CPU
		{557AB7B9-50E1-44C3-BD81-09C6603C8CAB}.Release|x64.ActiveCfg = Release|Any CPU
		{557AB7B9-50E1-44C3-BD81-09C6603C8CAB}.Release|x64.Build.0 = Release|Any CPU
		{557AB7B9-50E1-44C3-BD81-09C6603C8CAB}.Release|x86.ActiveCfg = Release|Any CPU
		{557AB7B9-50E1-44C3-BD81-09C6603C8CAB}.Release|x86.Build.0 = Release|Any CPU
		{228AA383-6B21-4451-BECF-0B1AF9E95B2D}.Debug|Any CPU.ActiveCfg = Debug|Any CPU
		{228AA383-6B21-4451-BECF-0B1AF9E95B2D}.Debug|Any CPU.Build.0 = Debug|Any CPU
		{228AA383-6B21-4451-BECF-0B1AF9E95B2D}.Debug|x64.ActiveCfg = Debug|Any CPU
		{228AA383-6B21-4451-BECF-0B1AF9E95B2D}.Debug|x64.Build.0 = Debug|Any CPU
		{228AA383-6B21-4451-BECF-0B1AF9E95B2D}.Debug|x86.ActiveCfg = Debug|Any CPU
		{228AA383-6B21-4451-BECF-0B1AF9E95B2D}.Debug|x86.Build.0 = Debug|Any CPU
		{228AA383-6B21-4451-BECF-0B1AF9E95B2D}.Release|Any CPU.ActiveCfg = Release|Any CPU
		{228AA383-6B21-4451-BECF-0B1AF9E95B2D}.Release|Any CPU.Build.0 = Release|Any CPU
		{228AA383-6B21-4451-BECF-0B1AF9E95B2D}.Release|x64.ActiveCfg = Release|Any CPU
		{228AA383-6B21-4451-BECF-0B1AF9E95B2D}.Release|x64.Build.0 = Release|Any CPU
		{228AA383-6B21-4451-BECF-0B1AF9E95B2D}.Release|x86.ActiveCfg = Release|Any CPU
		{228AA383-6B21-4451-BECF-0B1AF9E95B2D}.Release|x86.Build.0 = Release|Any CPU
		{1B631461-E12C-4107-A073-F9CBAD07AEA7}.Debug|Any CPU.ActiveCfg = Debug|Any CPU
		{1B631461-E12C-4107-A073-F9CBAD07AEA7}.Debug|Any CPU.Build.0 = Debug|Any CPU
		{1B631461-E12C-4107-A073-F9CBAD07AEA7}.Debug|x64.ActiveCfg = Debug|Any CPU
		{1B631461-E12C-4107-A073-F9CBAD07AEA7}.Debug|x64.Build.0 = Debug|Any CPU
		{1B631461-E12C-4107-A073-F9CBAD07AEA7}.Debug|x86.ActiveCfg = Debug|Any CPU
		{1B631461-E12C-4107-A073-F9CBAD07AEA7}.Debug|x86.Build.0 = Debug|Any CPU
		{1B631461-E12C-4107-A073-F9CBAD07AEA7}.Release|Any CPU.ActiveCfg = Release|Any CPU
		{1B631461-E12C-4107-A073-F9CBAD07AEA7}.Release|Any CPU.Build.0 = Release|Any CPU
		{1B631461-E12C-4107-A073-F9CBAD07AEA7}.Release|x64.ActiveCfg = Release|Any CPU
		{1B631461-E12C-4107-A073-F9CBAD07AEA7}.Release|x64.Build.0 = Release|Any CPU
		{1B631461-E12C-4107-A073-F9CBAD07AEA7}.Release|x86.ActiveCfg = Release|Any CPU
		{1B631461-E12C-4107-A073-F9CBAD07AEA7}.Release|x86.Build.0 = Release|Any CPU
		{6A36BE94-2600-446B-B1FF-E50B3BD6DBD2}.Debug|Any CPU.ActiveCfg = Debug|Any CPU
		{6A36BE94-2600-446B-B1FF-E50B3BD6DBD2}.Debug|Any CPU.Build.0 = Debug|Any CPU
		{6A36BE94-2600-446B-B1FF-E50B3BD6DBD2}.Debug|x64.ActiveCfg = Debug|Any CPU
		{6A36BE94-2600-446B-B1FF-E50B3BD6DBD2}.Debug|x64.Build.0 = Debug|Any CPU
		{6A36BE94-2600-446B-B1FF-E50B3BD6DBD2}.Debug|x86.ActiveCfg = Debug|Any CPU
		{6A36BE94-2600-446B-B1FF-E50B3BD6DBD2}.Debug|x86.Build.0 = Debug|Any CPU
		{6A36BE94-2600-446B-B1FF-E50B3BD6DBD2}.Release|Any CPU.ActiveCfg = Release|Any CPU
		{6A36BE94-2600-446B-B1FF-E50B3BD6DBD2}.Release|Any CPU.Build.0 = Release|Any CPU
		{6A36BE94-2600-446B-B1FF-E50B3BD6DBD2}.Release|x64.ActiveCfg = Release|Any CPU
		{6A36BE94-2600-446B-B1FF-E50B3BD6DBD2}.Release|x64.Build.0 = Release|Any CPU
		{6A36BE94-2600-446B-B1FF-E50B3BD6DBD2}.Release|x86.ActiveCfg = Release|Any CPU
		{6A36BE94-2600-446B-B1FF-E50B3BD6DBD2}.Release|x86.Build.0 = Release|Any CPU
		{0E6EFEE2-4A4D-4F7E-82CB-06C251FB8F82}.Debug|Any CPU.ActiveCfg = Debug|Any CPU
		{0E6EFEE2-4A4D-4F7E-82CB-06C251FB8F82}.Debug|Any CPU.Build.0 = Debug|Any CPU
		{0E6EFEE2-4A4D-4F7E-82CB-06C251FB8F82}.Debug|x64.ActiveCfg = Debug|Any CPU
		{0E6EFEE2-4A4D-4F7E-82CB-06C251FB8F82}.Debug|x64.Build.0 = Debug|Any CPU
		{0E6EFEE2-4A4D-4F7E-82CB-06C251FB8F82}.Debug|x86.ActiveCfg = Debug|Any CPU
		{0E6EFEE2-4A4D-4F7E-82CB-06C251FB8F82}.Debug|x86.Build.0 = Debug|Any CPU
		{0E6EFEE2-4A4D-4F7E-82CB-06C251FB8F82}.Release|Any CPU.ActiveCfg = Release|Any CPU
		{0E6EFEE2-4A4D-4F7E-82CB-06C251FB8F82}.Release|Any CPU.Build.0 = Release|Any CPU
		{0E6EFEE2-4A4D-4F7E-82CB-06C251FB8F82}.Release|x64.ActiveCfg = Release|Any CPU
		{0E6EFEE2-4A4D-4F7E-82CB-06C251FB8F82}.Release|x64.Build.0 = Release|Any CPU
		{0E6EFEE2-4A4D-4F7E-82CB-06C251FB8F82}.Release|x86.ActiveCfg = Release|Any CPU
		{0E6EFEE2-4A4D-4F7E-82CB-06C251FB8F82}.Release|x86.Build.0 = Release|Any CPU
	EndGlobalSection
	GlobalSection(SolutionProperties) = preSolution
		HideSolutionNode = FALSE
	EndGlobalSection
EndGlobal
